DEPENDENCIES
  chef-marketplace
    path: .
    metadata: true
  enterprise
    git: https://github.com/opscode-cookbooks/enterprise-chef-common.git
    revision: bb86beb1a8f9c6cac609b057c3411c75a1428786
  hostname
    git: git://github.com/3ofcoins/chef-cookbook-hostname.git
    revision: 565b26905509da7494e502476a99d0b82c5f4604
    branch: v0.4.0

GRAPH
  apt (3.0.0)
  chef-ingredient (0.18.2)
  chef-marketplace (0.0.1)
    apt (>= 0.0.0)
    chef-ingredient (>= 0.0.0)
    enterprise (>= 0.0.0)
    hostname (>= 0.0.0)
    motd (>= 0.0.0)
    yum-centos (>= 0.0.0)
  chef_handler (1.3.0)
  enterprise (0.10.0)
    runit (> 1.0.0)
  hostname (0.4.0)
    hostsfile (>= 0.0.0)
  hostsfile (2.4.5)
  motd (0.6.4)
    chef_handler (>= 0.0.0)
  packagecloud (0.2.0)
  runit (1.7.6)
    packagecloud (>= 0.0.0)
  yum (3.10.0)
  yum-centos (0.4.12)
    yum (~> 3.10.0)
